
Microsoft Visual Studio Solution File, Format Version 12.00
# Visual Studio 15
VisualStudioVersion = 15.0.28307.438
MinimumVisualStudioVersion = 10.0.40219.1
Project("{FAE04EC0-301F-11D3-BF4B-00C04F79EFBC}") = "IstudentHM", "ConsoleApp1\IstudentHM.csproj", "{CA5537E6-ADCB-4163-91D6-29F06DC8E7AB}"
EndProject
Global
	GlobalSection(SolutionConfigurationPlatforms) = preSolution
		Debug|Any CPU = Debug|Any CPU
		Release|Any CPU = Release|Any CPU
	EndGlobalSection
	GlobalSection(ProjectConfigurationPlatforms) = postSolution
		{CA5537E6-ADCB-4163-91D6-29F06DC8E7AB}.Debug|Any CPU.ActiveCfg = Debug|Any CPU
		{CA5537E6-ADCB-4163-91D6-29F06DC8E7AB}.Debug|Any CPU.Build.0 = Debug|Any CPU
		{CA5537E6-ADCB-4163-91D6-29F06DC8E7AB}.Release|Any CPU.ActiveCfg = Release|Any CPU
		{CA5537E6-ADCB-4163-91D6-29F06DC8E7AB}.Release|Any CPU.Build.0 = Release|Any CPU
	EndGlobalSection
	GlobalSection(SolutionProperties) = preSolution
		HideSolutionNode = FALSE
	EndGlobalSection
	GlobalSection(ExtensibilityGlobals) = postSolution
		SolutionGuid = {0417AB66-2B25-4F7D-BBB6-11F9D4ECD817}
	EndGlobalSection
EndGlobal
